
Microsoft Visual Studio Solution File, Format Version 12.00
# Visual Studio Version 17
VisualStudioVersion = 17.5.002.0
MinimumVisualStudioVersion = 10.0.40219.1
Project("{9A19103F-16F7-4668-BE54-9A1E7A4F7556}") = "FaulknerCountyMuseumGallery", "FaulknerCountyMuseumGallery.csproj", "{EF41BCD6-15BD-42B2-8B76-BD1FF19639C7}"
EndProject
Global
	GlobalSection(SolutionConfigurationPlatforms) = preSolution
		Debug|Any CPU = Debug|Any CPU
		Release|Any CPU = Release|Any CPU
	EndGlobalSection
	GlobalSection(ProjectConfigurationPlatforms) = postSolution
		{EF41BCD6-15BD-42B2-8B76-BD1FF19639C7}.Debug|Any CPU.ActiveCfg = Debug|Any CPU
		{EF41BCD6-15BD-42B2-8B76-BD1FF19639C7}.Debug|Any CPU.Build.0 = Debug|Any CPU
		{EF41BCD6-15BD-42B2-8B76-BD1FF19639C7}.Release|Any CPU.ActiveCfg = Release|Any CPU
		{EF41BCD6-15BD-42B2-8B76-BD1FF19639C7}.Release|Any CPU.Build.0 = Release|Any CPU
	EndGlobalSection
	GlobalSection(SolutionProperties) = preSolution
		HideSolutionNode = FALSE
	EndGlobalSection
	GlobalSection(ExtensibilityGlobals) = postSolution
		SolutionGuid = {1E9709FC-E243-4AD1-9274-E07C6D35CFAC}
	EndGlobalSection
EndGlobal
